
Microsoft Visual Studio Solution File, Format Version 12.00
# Visual Studio 15
VisualStudioVersion = 15.0.27130.2027
MinimumVisualStudioVersion = 10.0.40219.1
Project("{FAE04EC0-301F-11D3-BF4B-00C04F79EFBC}") = "FileSharing", "FileSharing\FileSharing.csproj", "{9B04E743-9F3A-48D3-ABB0-10D0764DA8B8}"
EndProject
Project("{FAE04EC0-301F-11D3-BF4B-00C04F79EFBC}") = "FileSharingTest", "FileSharingTest\FileSharingTest.csproj", "{4AB7406F-1782-4F5A-98BD-66A320D931B6}"
EndProject
Project("{FAE04EC0-301F-11D3-BF4B-00C04F79EFBC}") = "Uploader", "Uploader\Uploader.csproj", "{D5AD732A-A68D-424A-828D-467519DAC78D}"
EndProject
Global
	GlobalSection(SolutionConfigurationPlatforms) = preSolution
		Debug|Any CPU = Debug|Any CPU
		Release|Any CPU = Release|Any CPU
	EndGlobalSection
	GlobalSection(ProjectConfigurationPlatforms) = postSolution
		{9B04E743-9F3A-48D3-ABB0-10D0764DA8B8}.Debug|Any CPU.ActiveCfg = Debug|Any CPU
		{9B04E743-9F3A-48D3-ABB0-10D0764DA8B8}.Debug|Any CPU.Build.0 = Debug|Any CPU
		{9B04E743-9F3A-48D3-ABB0-10D0764DA8B8}.Release|Any CPU.ActiveCfg = Release|Any CPU
		{9B04E743-9F3A-48D3-ABB0-10D0764DA8B8}.Release|Any CPU.Build.0 = Release|Any CPU
		{4AB7406F-1782-4F5A-98BD-66A320D931B6}.Debug|Any CPU.ActiveCfg = Debug|Any CPU
		{4AB7406F-1782-4F5A-98BD-66A320D931B6}.Debug|Any CPU.Build.0 = Debug|Any CPU
		{4AB7406F-1782-4F5A-98BD-66A320D931B6}.Release|Any CPU.ActiveCfg = Release|Any CPU
		{4AB7406F-1782-4F5A-98BD-66A320D931B6}.Release|Any CPU.Build.0 = Release|Any CPU
		{D5AD732A-A68D-424A-828D-467519DAC78D}.Debug|Any CPU.ActiveCfg = Debug|Any CPU
		{D5AD732A-A68D-424A-828D-467519DAC78D}.Debug|Any CPU.Build.0 = Debug|Any CPU
		{D5AD732A-A68D-424A-828D-467519DAC78D}.Release|Any CPU.ActiveCfg = Release|Any CPU
		{D5AD732A-A68D-424A-828D-467519DAC78D}.Release|Any CPU.Build.0 = Release|Any CPU
	EndGlobalSection
	GlobalSection(SolutionProperties) = preSolution
		HideSolutionNode = FALSE
	EndGlobalSection
	GlobalSection(ExtensibilityGlobals) = postSolution
		SolutionGuid = {3BA745F3-02F8-49FF-8B0D-55598BF133AB}
	EndGlobalSection
EndGlobal
